// !$*UTF8*$!
{
	archiveVersion = 1;
	classes = {
	};
	objectVersion = 50;
	objects = {

/* Begin PBXBuildFile section */
		8B42134E247C195900958FE3 /* AppDelegate.swift in Sources */ = {isa = PBXBuildFile; fileRef = 8B42134D247C195900958FE3 /* AppDelegate.swift */; };
		8B421350247C195900958FE3 /* SceneDelegate.swift in Sources */ = {isa = PBXBuildFile; fileRef = 8B42134F247C195900958FE3 /* SceneDelegate.swift */; };
		8B421352247C195900958FE3 /* ViewController.swift in Sources */ = {isa = PBXBuildFile; fileRef = 8B421351247C195900958FE3 /* ViewController.swift */; };
		8B421355247C195900958FE3 /* Main.storyboard in Resources */ = {isa = PBXBuildFile; fileRef = 8B421353247C195900958FE3 /* Main.storyboard */; };
		8B421357247C195B00958FE3 /* Assets.xcassets in Resources */ = {isa = PBXBuildFile; fileRef = 8B421356247C195B00958FE3 /* Assets.xcassets */; };
		8B42135A247C195B00958FE3 /* LaunchScreen.storyboard in Resources */ = {isa = PBXBuildFile; fileRef = 8B421358247C195B00958FE3 /* LaunchScreen.storyboard */; };
		8B4EEC2C248FCA4400794F15 /* ViewController+ASWebAuthenticationSession.swift in Sources */ = {isa = PBXBuildFile; fileRef = 8B4EEC2B248FCA4400794F15 /* ViewController+ASWebAuthenticationSession.swift */; };
		8B4EEC2E248FCA5500794F15 /* ViewController+Safari.swift in Sources */ = {isa = PBXBuildFile; fileRef = 8B4EEC2D248FCA5500794F15 /* ViewController+Safari.swift */; };
/* End PBXBuildFile section */

/* Begin PBXFileReference section */
		8B42134A247C195900958FE3 /* Password Autofill Test.app */ = {isa = PBXFileReference; explicitFileType = wrapper.application; includeInIndex = 0; path = "Password Autofill Test.app"; sourceTree = BUILT_PRODUCTS_DIR; };
		8B42134D247C195900958FE3 /* AppDelegate.swift */ = {isa = PBXFileReference; lastKnownFileType = sourcecode.swift; path = AppDelegate.swift; sourceTree = "<group>"; };
		8B42134F247C195900958FE3 /* SceneDelegate.swift */ = {isa = PBXFileReference; lastKnownFileType = sourcecode.swift; path = SceneDelegate.swift; sourceTree = "<group>"; };
		8B421351247C195900958FE3 /* ViewController.swift */ = {isa = PBXFileReference; lastKnownFileType = sourcecode.swift; path = ViewController.swift; sourceTree = "<group>"; };
		8B421354247C195900958FE3 /* Base */ = {isa = PBXFileReference; lastKnownFileType = file.storyboard; name = Base; path = Base.lproj/Main.storyboard; sourceTree = "<group>"; };
		8B421356247C195B00958FE3 /* Assets.xcassets */ = {isa = PBXFileReference; lastKnownFileType = folder.assetcatalog; path = Assets.xcassets; sourceTree = "<group>"; };
		8B421359247C195B00958FE3 /* Base */ = {isa = PBXFileReference; lastKnownFileType = file.storyboard; name = Base; path = Base.lproj/LaunchScreen.storyboard; sourceTree = "<group>"; };
		8B42135B247C195B00958FE3 /* Info.plist */ = {isa = PBXFileReference; lastKnownFileType = text.plist.xml; path = Info.plist; sourceTree = "<group>"; };
		8B4EEC2B248FCA4400794F15 /* ViewController+ASWebAuthenticationSession.swift */ = {isa = PBXFileReference; lastKnownFileType = sourcecode.swift; path = "ViewController+ASWebAuthenticationSession.swift"; sourceTree = "<group>"; };
		8B4EEC2D248FCA5500794F15 /* ViewController+Safari.swift */ = {isa = PBXFileReference; lastKnownFileType = sourcecode.swift; path = "ViewController+Safari.swift"; sourceTree = "<group>"; };
		8B4EEC30248FCD4100794F15 /* login.html */ = {isa = PBXFileReference; lastKnownFileType = text.html; path = login.html; sourceTree = "<group>"; };
		8B4EEC31248FCD4100794F15 /* redirect.html */ = {isa = PBXFileReference; lastKnownFileType = text.html; path = redirect.html; sourceTree = "<group>"; };
		8B4EEC32248FCD4100794F15 /* signup.html */ = {isa = PBXFileReference; lastKnownFileType = text.html; path = signup.html; sourceTree = "<group>"; };
		8B4EEC33248FE26C00794F15 /* success.php */ = {isa = PBXFileReference; lastKnownFileType = text.script.php; path = success.php; sourceTree = "<group>"; };
/* End PBXFileReference section */

/* Begin PBXFrameworksBuildPhase section */
		8B421347247C195900958FE3 /* Frameworks */ = {
			isa = PBXFrameworksBuildPhase;
			buildActionMask = 2147483647;
			files = (
			);
			runOnlyForDeploymentPostprocessing = 0;
		};
/* End PBXFrameworksBuildPhase section */

/* Begin PBXGroup section */
		8B421341247C195900958FE3 = {
			isa = PBXGroup;
			children = (
				8B42134C247C195900958FE3 /* Password Autofill Test */,
				8B4EEC2F248FCD4100794F15 /* Website */,
				8B42134B247C195900958FE3 /* Products */,
			);
			sourceTree = "<group>";
		};
		8B42134B247C195900958FE3 /* Products */ = {
			isa = PBXGroup;
			children = (
				8B42134A247C195900958FE3 /* Password Autofill Test.app */,
			);
			name = Products;
			sourceTree = "<group>";
		};
		8B42134C247C195900958FE3 /* Password Autofill Test */ = {
			isa = PBXGroup;
			children = (
				8B42134D247C195900958FE3 /* AppDelegate.swift */,
				8B42134F247C195900958FE3 /* SceneDelegate.swift */,
				8B421351247C195900958FE3 /* ViewController.swift */,
				8B4EEC2B248FCA4400794F15 /* ViewController+ASWebAuthenticationSession.swift */,
				8B4EEC2D248FCA5500794F15 /* ViewController+Safari.swift */,
				8B421353247C195900958FE3 /* Main.storyboard */,
				8B421356247C195B00958FE3 /* Assets.xcassets */,
				8B421358247C195B00958FE3 /* LaunchScreen.storyboard */,
				8B42135B247C195B00958FE3 /* Info.plist */,
			);
			path = "Password Autofill Test";
			sourceTree = "<group>";
		};
		8B4EEC2F248FCD4100794F15 /* Website */ = {
			isa = PBXGroup;
			children = (
				8B4EEC30248FCD4100794F15 /* login.html */,
				8B4EEC31248FCD4100794F15 /* redirect.html */,
				8B4EEC32248FCD4100794F15 /* signup.html */,
				8B4EEC33248FE26C00794F15 /* success.php */,
			);
			name = Website;
			path = ../Website;
			sourceTree = "<group>";
		};
/* End PBXGroup section */

/* Begin PBXNativeTarget section */
		8B421349247C195900958FE3 /* Password Autofill Test */ = {
			isa = PBXNativeTarget;
			buildConfigurationList = 8B42135E247C195B00958FE3 /* Build configuration list for PBXNativeTarget "Password Autofill Test" */;
			buildPhases = (
				8B421346247C195900958FE3 /* Sources */,
				8B421347247C195900958FE3 /* Frameworks */,
				8B421348247C195900958FE3 /* Resources */,
			);
			buildRules = (
			);
			dependencies = (
			);
			name = "Password Autofill Test";
			productName = "Password Autofill Test";
			productReference = 8B42134A247C195900958FE3 /* Password Autofill Test.app */;
			productType = "com.apple.product-type.application";
		};
/* End PBXNativeTarget section */

/* Begin PBXProject section */
		8B421342247C195900958FE3 /* Project object */ = {
			isa = PBXProject;
			attributes = {
				LastSwiftUpdateCheck = 1150;
				LastUpgradeCheck = 1150;
				ORGANIZATIONNAME = "Basem Emara";
				TargetAttributes = {
					8B421349247C195900958FE3 = {
						CreatedOnToolsVersion = 11.5;
					};
				};
			};
			buildConfigurationList = 8B421345247C195900958FE3 /* Build configuration list for PBXProject "Password Autofill Test" */;
			compatibilityVersion = "Xcode 9.3";
			developmentRegion = en;
			hasScannedForEncodings = 0;
			knownRegions = (
				en,
				Base,
			);
			mainGroup = 8B421341247C195900958FE3;
			productRefGroup = 8B42134B247C195900958FE3 /* Products */;
			projectDirPath = "";
			projectRoot = "";
			targets = (
				8B421349247C195900958FE3 /* Password Autofill Test */,
			);
		};
/* End PBXProject section */

/* Begin PBXResourcesBuildPhase section */
		8B421348247C195900958FE3 /* Resources */ = {
			isa = PBXResourcesBuildPhase;
			buildActionMask = 2147483647;
			files = (
				8B42135A247C195B00958FE3 /* LaunchScreen.storyboard in Resources */,
				8B421357247C195B00958FE3 /* Assets.xcassets in Resources */,
				8B421355247C195900958FE3 /* Main.storyboard in Resources */,
			);
			runOnlyForDeploymentPostprocessing = 0;
		};
/* End PBXResourcesBuildPhase section */

/* Begin PBXSourcesBuildPhase section */
		8B421346247C195900958FE3 /* Sources */ = {
			isa = PBXSourcesBuildPhase;
			buildActionMask = 2147483647;
			files = (
				8B4EEC2E248FCA5500794F15 /* ViewController+Safari.swift in Sources */,
				8B421352247C195900958FE3 /* ViewController.swift in Sources */,
				8B42134E247C195900958FE3 /* AppDelegate.swift in Sources */,
				8B4EEC2C248FCA4400794F15 /* ViewController+ASWebAuthenticationSession.swift in Sources */,
				8B421350247C195900958FE3 /* SceneDelegate.swift in Sources */,
			);
			runOnlyForDeploymentPostprocessing = 0;
		};
/* End PBXSourcesBuildPhase section */

/* Begin PBXVariantGroup section */
		8B421353247C195900958FE3 /* Main.storyboard */ = {
			isa = PBXVariantGroup;
			children = (
				8B421354247C195900958FE3 /* Base */,
			);
			name = Main.storyboard;
			sourceTree = "<group>";
		};
		8B421358247C195B00958FE3 /* LaunchScreen.storyboard */ = {
			isa = PBXVariantGroup;
			children = (
				8B421359247C195B00958FE3 /* Base */,
			);
			name = LaunchScreen.storyboard;
			sourceTree = "<group>";
		};
/* End PBXVariantGroup section */

/* Begin XCBuildConfiguration section */
		8B42135C247C195B00958FE3 /* Debug */ = {
			isa = XCBuildConfiguration;
			buildSettings = {
				ALWAYS_SEARCH_USER_PATHS = NO;
				CLANG_ANALYZER_NONNULL = YES;
				CLANG_ANALYZER_NUMBER_OBJECT_CONVERSION = YES_AGGRESSIVE;
				CLANG_CXX_LANGUAGE_STANDARD = "gnu++14";
				CLANG_CXX_LIBRARY = "libc++";
				CLANG_ENABLE_MODULES = YES;
				CLANG_ENABLE_OBJC_ARC = YES;
				CLANG_ENABLE_OBJC_WEAK = YES;
				CLANG_WARN_BLOCK_CAPTURE_AUTORELEASING = YES;
				CLANG_WARN_BOOL_CONVERSION = YES;
				CLANG_WARN_COMMA = YES;
				CLANG_WARN_CONSTANT_CONVERSION = YES;
				CLANG_WARN_DEPRECATED_OBJC_IMPLEMENTATIONS = YES;
				CLANG_WARN_DIRECT_OBJC_ISA_USAGE = YES_ERROR;
				CLANG_WARN_DOCUMENTATION_COMMENTS = YES;
				CLANG_WARN_EMPTY_BODY = YES;
				CLANG_WARN_ENUM_CONVERSION = YES;
				CLANG_WARN_INFINITE_RECURSION = YES;
				CLANG_WARN_INT_CONVERSION = YES;
				CLANG_WARN_NON_LITERAL_NULL_CONVERSION = YES;
				CLANG_WARN_OBJC_IMPLICIT_RETAIN_SELF = YES;
				CLANG_WARN_OBJC_LITERAL_CONVERSION = YES;
				CLANG_WARN_OBJC_ROOT_CLASS = YES_ERROR;
				CLANG_WARN_RANGE_LOOP_ANALYSIS = YES;
				CLANG_WARN_STRICT_PROTOTYPES = YES;
				CLANG_WARN_SUSPICIOUS_MOVE = YES;
				CLANG_WARN_UNGUARDED_AVAILABILITY = YES_AGGRESSIVE;
				CLANG_WARN_UNREACHABLE_CODE = YES;
				CLANG_WARN__DUPLICATE_METHOD_MATCH = YES;
				COPY_PHASE_STRIP = NO;
				DEBUG_INFORMATION_FORMAT = dwarf;
				ENABLE_STRICT_OBJC_MSGSEND = YES;
				ENABLE_TESTABILITY = YES;
				GCC_C_LANGUAGE_STANDARD = gnu11;
				GCC_DYNAMIC_NO_PIC = NO;
				GCC_NO_COMMON_BLOCKS = YES;
				GCC_OPTIMIZATION_LEVEL = 0;
				GCC_PREPROCESSOR_DEFINITIONS = (
					"DEBUG=1",
					"$(inherited)",
				);
				GCC_WARN_64_TO_32_BIT_CONVERSION = YES;
				GCC_WARN_ABOUT_RETURN_TYPE = YES_ERROR;
				GCC_WARN_UNDECLARED_SELECTOR = YES;
				GCC_WARN_UNINITIALIZED_AUTOS = YES_AGGRESSIVE;
				GCC_WARN_UNUSED_FUNCTION = YES;
				GCC_WARN_UNUSED_VARIABLE = YES;
				IPHONEOS_DEPLOYMENT_TARGET = 13.5;
				MTL_ENABLE_DEBUG_INFO = INCLUDE_SOURCE;
				MTL_FAST_MATH = YES;
				ONLY_ACTIVE_ARCH = YES;
				SDKROOT = iphoneos;
				SWIFT_ACTIVE_COMPILATION_CONDITIONS = DEBUG;
				SWIFT_OPTIMIZATION_LEVEL = "-Onone";
			};
			name = Debug;
		};
		8B42135D247C195B00958FE3 /* Release */ = {
			isa = XCBuildConfiguration;
			buildSettings = {
				ALWAYS_SEARCH_USER_PATHS = NO;
				CLANG_ANALYZER_NONNULL = YES;
				CLANG_ANALYZER_NUMBER_OBJECT_CONVERSION = YES_AGGRESSIVE;
				CLANG_CXX_LANGUAGE_STANDARD = "gnu++14";
				CLANG_CXX_LIBRARY = "libc++";
				CLANG_ENABLE_MODULES = YES;
				CLANG_ENABLE_OBJC_ARC = YES;
				CLANG_ENABLE_OBJC_WEAK = YES;
				CLANG_WARN_BLOCK_CAPTURE_AUTORELEASING = YES;
				CLANG_WARN_BOOL_CONVERSION = YES;
				CLANG_WARN_COMMA = YES;
				CLANG_WARN_CONSTANT_CONVERSION = YES;
				CLANG_WARN_DEPRECATED_OBJC_IMPLEMENTATIONS = YES;
				CLANG_WARN_DIRECT_OBJC_ISA_USAGE = YES_ERROR;
				CLANG_WARN_DOCUMENTATION_COMMENTS = YES;
				CLANG_WARN_EMPTY_BODY = YES;
				CLANG_WARN_ENUM_CONVERSION = YES;
				CLANG_WARN_INFINITE_RECURSION = YES;
				CLANG_WARN_INT_CONVERSION = YES;
				CLANG_WARN_NON_LITERAL_NULL_CONVERSION = YES;
				CLANG_WARN_OBJC_IMPLICIT_RETAIN_SELF = YES;
				CLANG_WARN_OBJC_LITERAL_CONVERSION = YES;
				CLANG_WARN_OBJC_ROOT_CLASS = YES_ERROR;
				CLANG_WARN_RANGE_LOOP_ANALYSIS = YES;
				CLANG_WARN_STRICT_PROTOTYPES = YES;
				CLANG_WARN_SUSPICIOUS_MOVE = YES;
				CLANG_WARN_UNGUARDED_AVAILABILITY = YES_AGGRESSIVE;
				CLANG_WARN_UNREACHABLE_CODE = YES;
				CLANG_WARN__DUPLICATE_METHOD_MATCH = YES;
				COPY_PHASE_STRIP = NO;
				DEBUG_INFORMATION_FORMAT = "dwarf-with-dsym";
				ENABLE_NS_ASSERTIONS = NO;
				ENABLE_STRICT_OBJC_MSGSEND = YES;
				GCC_C_LANGUAGE_STANDARD = gnu11;
				GCC_NO_COMMON_BLOCKS = YES;
				GCC_WARN_64_TO_32_BIT_CONVERSION = YES;
				GCC_WARN_ABOUT_RETURN_TYPE = YES_ERROR;
				GCC_WARN_UNDECLARED_SELECTOR = YES;
				GCC_WARN_UNINITIALIZED_AUTOS = YES_AGGRESSIVE;
				GCC_WARN_UNUSED_FUNCTION = YES;
				GCC_WARN_UNUSED_VARIABLE = YES;
				IPHONEOS_DEPLOYMENT_TARGET = 13.5;
				MTL_ENABLE_DEBUG_INFO = NO;
				MTL_FAST_MATH = YES;
				SDKROOT = iphoneos;
				SWIFT_COMPILATION_MODE = wholemodule;
				SWIFT_OPTIMIZATION_LEVEL = "-O";
				VALIDATE_PRODUCT = YES;
			};
			name = Release;
		};
		8B42135F247C195B00958FE3 /* Debug */ = {
			isa = XCBuildConfiguration;
			buildSettings = {
				ASSETCATALOG_COMPILER_APPICON_NAME = AppIcon;
				CODE_SIGN_IDENTITY = "Apple Development";
				CODE_SIGN_STYLE = Manual;
				DEVELOPMENT_TEAM = "";
				INFOPLIST_FILE = "Password Autofill Test/Info.plist";
				LD_RUNPATH_SEARCH_PATHS = (
					"$(inherited)",
					"@executable_path/Frameworks",
				);
				PRODUCT_BUNDLE_IDENTIFIER = "com.basememara.Password-Autofill-Test";
				PRODUCT_NAME = "$(TARGET_NAME)";
				PROVISIONING_PROFILE_SPECIFIER = "";
				SWIFT_VERSION = 5.0;
				TARGETED_DEVICE_FAMILY = "1,2";
			};
			name = Debug;
		};
		8B421360247C195B00958FE3 /* Release */ = {
			isa = XCBuildConfiguration;
			buildSettings = {
				ASSETCATALOG_COMPILER_APPICON_NAME = AppIcon;
				CODE_SIGN_IDENTITY = "Apple Development";
				CODE_SIGN_STYLE = Manual;
				DEVELOPMENT_TEAM = "";
				INFOPLIST_FILE = "Password Autofill Test/Info.plist";
				LD_RUNPATH_SEARCH_PATHS = (
					"$(inherited)",
					"@executable_path/Frameworks",
				);
				PRODUCT_BUNDLE_IDENTIFIER = "com.basememara.Password-Autofill-Test";
				PRODUCT_NAME = "$(TARGET_NAME)";
				PROVISIONING_PROFILE_SPECIFIER = "";
				SWIFT_VERSION = 5.0;
				TARGETED_DEVICE_FAMILY = "1,2";
			};
			name = Release;
		};
/* End XCBuildConfiguration section */

/* Begin XCConfigurationList section */
		8B421345247C195900958FE3 /* Build configuration list for PBXProject "Password Autofill Test" */ = {
			isa = XCConfigurationList;
			buildConfigurations = (
				8B42135C247C195B00958FE3 /* Debug */,
				8B42135D247C195B00958FE3 /* Release */,
			);
			defaultConfigurationIsVisible = 0;
			defaultConfigurationName = Release;
		};
		8B42135E247C195B00958FE3 /* Build configuration list for PBXNativeTarget "Password Autofill Test" */ = {
			isa = XCConfigurationList;
			buildConfigurations = (
				8B42135F247C195B00958FE3 /* Debug */,
				8B421360247C195B00958FE3 /* Release */,
			);
			defaultConfigurationIsVisible = 0;
			defaultConfigurationName = Release;
		};
/* End XCConfigurationList section */
	};
	rootObject = 8B421342247C195900958FE3 /* Project object */;
}
